
Microsoft Visual Studio Solution File, Format Version 12.00
# Visual Studio Version 17
VisualStudioVersion = 17.6.33723.286
MinimumVisualStudioVersion = 10.0.40219.1
Project("{9A19103F-16F7-4668-BE54-9A1E7A4F7556}") = "Scrum_Mvc_GroupProject", "Scrum_Mvc_GroupProject\Scrum_Mvc_GroupProject.csproj", "{B0E7EF44-CDD5-4499-8794-FD9F7BD9C811}"
EndProject
Global
	GlobalSection(SolutionConfigurationPlatforms) = preSolution
		AreejDebug|Any CPU = AreejDebug|Any CPU
		Debug|Any CPU = Debug|Any CPU
		Release|Any CPU = Release|Any CPU
	EndGlobalSection
	GlobalSection(ProjectConfigurationPlatforms) = postSolution
		{B0E7EF44-CDD5-4499-8794-FD9F7BD9C811}.AreejDebug|Any CPU.ActiveCfg = AreejDebug|Any CPU
		{B0E7EF44-CDD5-4499-8794-FD9F7BD9C811}.AreejDebug|Any CPU.Build.0 = AreejDebug|Any CPU
		{B0E7EF44-CDD5-4499-8794-FD9F7BD9C811}.Debug|Any CPU.ActiveCfg = Debug|Any CPU
		{B0E7EF44-CDD5-4499-8794-FD9F7BD9C811}.Debug|Any CPU.Build.0 = Debug|Any CPU
		{B0E7EF44-CDD5-4499-8794-FD9F7BD9C811}.Release|Any CPU.ActiveCfg = Release|Any CPU
		{B0E7EF44-CDD5-4499-8794-FD9F7BD9C811}.Release|Any CPU.Build.0 = Release|Any CPU
	EndGlobalSection
	GlobalSection(SolutionProperties) = preSolution
		HideSolutionNode = FALSE
	EndGlobalSection
	GlobalSection(ExtensibilityGlobals) = postSolution
		SolutionGuid = {86133D23-CF6B-4757-A1BF-8AC61D768611}
	EndGlobalSection
EndGlobal
